
Microsoft Visual Studio Solution File, Format Version 12.00
Project("{FAE04EC0-301F-11D3-BF4B-00C04F79EFBC}") = "ShowControl", "ShowControl\ShowControl.csproj", "{6E35BC90-C06A-4FC7-A0D7-004B700B649F}"
EndProject
Global
	GlobalSection(SolutionConfigurationPlatforms) = preSolution
		Debug|Any CPU = Debug|Any CPU
		Release|Any CPU = Release|Any CPU
	EndGlobalSection
	GlobalSection(ProjectConfigurationPlatforms) = postSolution
		{6E35BC90-C06A-4FC7-A0D7-004B700B649F}.Debug|Any CPU.ActiveCfg = Debug|Any CPU
		{6E35BC90-C06A-4FC7-A0D7-004B700B649F}.Debug|Any CPU.Build.0 = Debug|Any CPU
		{6E35BC90-C06A-4FC7-A0D7-004B700B649F}.Release|Any CPU.ActiveCfg = Release|Any CPU
		{6E35BC90-C06A-4FC7-A0D7-004B700B649F}.Release|Any CPU.Build.0 = Release|Any CPU
	EndGlobalSection
EndGlobal
